
Microsoft Visual Studio Solution File, Format Version 12.00
Project("{FAE04EC0-301F-11D3-BF4B-00C04F79EFBC}") = "WoowzLib.Base", "WoowzLib.Base\WoowzLib.Base.csproj", "{3A864AA1-DE39-4C5B-82C6-D284D56055B2}"
EndProject
Project("{FAE04EC0-301F-11D3-BF4B-00C04F79EFBC}") = "WoowzLib.Core", "WoowzLib.Core\WoowzLib.Core.csproj", "{1BB7982F-B36F-4C9F-B4AF-0EB13FEC7BFA}"
EndProject
Project("{2150E333-8FDC-42A3-9474-1A3956D46DE8}") = "Tools", "Tools", "{A8B38C02-DA3F-4AC9-B1F6-B61B5E718800}"
EndProject
Project("{FAE04EC0-301F-11D3-BF4B-00C04F79EFBC}") = "VersionUpdater", "VersionUpdater\VersionUpdater.csproj", "{9BC7321D-4BDC-4E14-AA39-7926DF61E274}"
EndProject
Project("{2150E333-8FDC-42A3-9474-1A3956D46DE8}") = "Modules", "Modules", "{5EF70B8D-E68C-4B9E-BAE8-DB3A36235F40}"
EndProject
Project("{FAE04EC0-301F-11D3-BF4B-00C04F79EFBC}") = "WoowzLib.Logger", "WoowzLib.Logger\WoowzLib.Logger.csproj", "{9DB2C8F5-3F30-4603-B99B-B3FC4110D735}"
EndProject
Global
	GlobalSection(SolutionConfigurationPlatforms) = preSolution
		Release|Any CPU = Release|Any CPU
	EndGlobalSection
	GlobalSection(ProjectConfigurationPlatforms) = postSolution
		{3A864AA1-DE39-4C5B-82C6-D284D56055B2}.Release|Any CPU.ActiveCfg = Release|Any CPU
		{3A864AA1-DE39-4C5B-82C6-D284D56055B2}.Release|Any CPU.Build.0 = Release|Any CPU
		{1BB7982F-B36F-4C9F-B4AF-0EB13FEC7BFA}.Release|Any CPU.ActiveCfg = Release|Any CPU
		{1BB7982F-B36F-4C9F-B4AF-0EB13FEC7BFA}.Release|Any CPU.Build.0 = Release|Any CPU
		{9BC7321D-4BDC-4E14-AA39-7926DF61E274}.Release|Any CPU.ActiveCfg = Release|Any CPU
		{9BC7321D-4BDC-4E14-AA39-7926DF61E274}.Release|Any CPU.Build.0 = Release|Any CPU
		{9DB2C8F5-3F30-4603-B99B-B3FC4110D735}.Release|Any CPU.ActiveCfg = Release|Any CPU
		{9DB2C8F5-3F30-4603-B99B-B3FC4110D735}.Release|Any CPU.Build.0 = Release|Any CPU
	EndGlobalSection
	GlobalSection(NestedProjects) = preSolution
		{9BC7321D-4BDC-4E14-AA39-7926DF61E274} = {A8B38C02-DA3F-4AC9-B1F6-B61B5E718800}
		{3A864AA1-DE39-4C5B-82C6-D284D56055B2} = {5EF70B8D-E68C-4B9E-BAE8-DB3A36235F40}
		{1BB7982F-B36F-4C9F-B4AF-0EB13FEC7BFA} = {5EF70B8D-E68C-4B9E-BAE8-DB3A36235F40}
		{9DB2C8F5-3F30-4603-B99B-B3FC4110D735} = {5EF70B8D-E68C-4B9E-BAE8-DB3A36235F40}
	EndGlobalSection
EndGlobal
