
Microsoft Visual Studio Solution File, Format Version 12.00
Project("{FAE04EC0-301F-11D3-BF4B-00C04F79EFBC}") = "WoowzLibTest.Core", "WoowzLibTest.Core.csproj", "{4495E25C-F06C-4168-B8CD-03EA3CA8AC84}"
EndProject
Global
	GlobalSection(SolutionConfigurationPlatforms) = preSolution
		Debug|Any CPU = Debug|Any CPU
		Release|Any CPU = Release|Any CPU
	EndGlobalSection
	GlobalSection(ProjectConfigurationPlatforms) = postSolution
		{4495E25C-F06C-4168-B8CD-03EA3CA8AC84}.Debug|Any CPU.ActiveCfg = Debug|Any CPU
		{4495E25C-F06C-4168-B8CD-03EA3CA8AC84}.Debug|Any CPU.Build.0 = Debug|Any CPU
		{4495E25C-F06C-4168-B8CD-03EA3CA8AC84}.Release|Any CPU.ActiveCfg = Release|Any CPU
		{4495E25C-F06C-4168-B8CD-03EA3CA8AC84}.Release|Any CPU.Build.0 = Release|Any CPU
	EndGlobalSection
EndGlobal
